
Microsoft Visual Studio Solution File, Format Version 12.00
# Visual Studio 15
VisualStudioVersion = 15.0.33801.198
MinimumVisualStudioVersion = 10.0.40219.1
Project("{8BC9CEB8-8B4A-11D0-8D11-00A0C91BC942}") = "AMKNN", "AMKNN\AMKNN.vcxproj", "{9E5F0DB4-3B64-4DCF-8B34-C4F1A59E6857}"
EndProject
Project("{8BC9CEB8-8B4A-11D0-8D11-00A0C91BC942}") = "DEMO_Image_Upscale", "DEMO_Image_Upscale\DEMO_Image_Upscale.vcxproj", "{437B20DC-507F-4353-9DCA-9879CD86609E}"
	ProjectSection(ProjectDependencies) = postProject
		{9E5F0DB4-3B64-4DCF-8B34-C4F1A59E6857} = {9E5F0DB4-3B64-4DCF-8B34-C4F1A59E6857}
	EndProjectSection
EndProject
Global
	GlobalSection(SolutionConfigurationPlatforms) = preSolution
		Debug|x64 = Debug|x64
		Debug|x86 = Debug|x86
		Release|x64 = Release|x64
		Release|x86 = Release|x86
	EndGlobalSection
	GlobalSection(ProjectConfigurationPlatforms) = postSolution
		{9E5F0DB4-3B64-4DCF-8B34-C4F1A59E6857}.Debug|x64.ActiveCfg = Debug|x64
		{9E5F0DB4-3B64-4DCF-8B34-C4F1A59E6857}.Debug|x64.Build.0 = Debug|x64
		{9E5F0DB4-3B64-4DCF-8B34-C4F1A59E6857}.Debug|x86.ActiveCfg = Debug|Win32
		{9E5F0DB4-3B64-4DCF-8B34-C4F1A59E6857}.Debug|x86.Build.0 = Debug|Win32
		{9E5F0DB4-3B64-4DCF-8B34-C4F1A59E6857}.Release|x64.ActiveCfg = Release|x64
		{9E5F0DB4-3B64-4DCF-8B34-C4F1A59E6857}.Release|x64.Build.0 = Release|x64
		{9E5F0DB4-3B64-4DCF-8B34-C4F1A59E6857}.Release|x86.ActiveCfg = Release|Win32
		{9E5F0DB4-3B64-4DCF-8B34-C4F1A59E6857}.Release|x86.Build.0 = Release|Win32
		{437B20DC-507F-4353-9DCA-9879CD86609E}.Debug|x64.ActiveCfg = Debug|x64
		{437B20DC-507F-4353-9DCA-9879CD86609E}.Debug|x64.Build.0 = Debug|x64
		{437B20DC-507F-4353-9DCA-9879CD86609E}.Debug|x86.ActiveCfg = Debug|Win32
		{437B20DC-507F-4353-9DCA-9879CD86609E}.Debug|x86.Build.0 = Debug|Win32
		{437B20DC-507F-4353-9DCA-9879CD86609E}.Release|x64.ActiveCfg = Release|x64
		{437B20DC-507F-4353-9DCA-9879CD86609E}.Release|x64.Build.0 = Release|x64
		{437B20DC-507F-4353-9DCA-9879CD86609E}.Release|x86.ActiveCfg = Release|Win32
		{437B20DC-507F-4353-9DCA-9879CD86609E}.Release|x86.Build.0 = Release|Win32
	EndGlobalSection
	GlobalSection(SolutionProperties) = preSolution
		HideSolutionNode = FALSE
	EndGlobalSection
	GlobalSection(ExtensibilityGlobals) = postSolution
		SolutionGuid = {011215D9-B8AC-48F9-8987-46DFA470EB21}
	EndGlobalSection
EndGlobal
